
Microsoft Visual Studio Solution File, Format Version 12.00
# Visual Studio Version 17
VisualStudioVersion = 17.11.35327.3
MinimumVisualStudioVersion = 10.0.40219.1
Project("{FAE04EC0-301F-11D3-BF4B-00C04F79EFBC}") = "HabitLogger", "HabitLogger\HabitLogger.csproj", "{DCD33105-0DAA-46D1-937D-5C6BE17E7222}"
EndProject
Global
	GlobalSection(SolutionConfigurationPlatforms) = preSolution
		Debug|Any CPU = Debug|Any CPU
		Release|Any CPU = Release|Any CPU
	EndGlobalSection
	GlobalSection(ProjectConfigurationPlatforms) = postSolution
		{DCD33105-0DAA-46D1-937D-5C6BE17E7222}.Debug|Any CPU.ActiveCfg = Debug|Any CPU
		{DCD33105-0DAA-46D1-937D-5C6BE17E7222}.Debug|Any CPU.Build.0 = Debug|Any CPU
		{DCD33105-0DAA-46D1-937D-5C6BE17E7222}.Release|Any CPU.ActiveCfg = Release|Any CPU
		{DCD33105-0DAA-46D1-937D-5C6BE17E7222}.Release|Any CPU.Build.0 = Release|Any CPU
	EndGlobalSection
	GlobalSection(SolutionProperties) = preSolution
		HideSolutionNode = FALSE
	EndGlobalSection
	GlobalSection(ExtensibilityGlobals) = postSolution
		SolutionGuid = {6E603A8D-A20E-4717-8F4F-D635916680A9}
	EndGlobalSection
EndGlobal
